
Microsoft Visual Studio Solution File, Format Version 12.00
# Visual Studio Version 17
VisualStudioVersion = 17.8.34316.72
MinimumVisualStudioVersion = 10.0.40219.1
Project("{8BC9CEB8-8B4A-11D0-8D11-00A0C91BC942}") = "Arrays", "Arrays\Arrays.vcxproj", "{02302B05-17B9-44D5-85B6-C11E63F0117B}"
EndProject
Project("{8BC9CEB8-8B4A-11D0-8D11-00A0C91BC942}") = "Shift", "Shift\Shift.vcxproj", "{A784DA26-0DD1-4999-8507-5543810ACA50}"
EndProject
Project("{8BC9CEB8-8B4A-11D0-8D11-00A0C91BC942}") = "Binary", "Binary\Binary.vcxproj", "{7B9E09CC-0F59-46BB-8468-8BF412182637}"
EndProject
Project("{8BC9CEB8-8B4A-11D0-8D11-00A0C91BC942}") = "Numerics", "Numerics\Numerics.vcxproj", "{64F883CB-6514-4D54-ADFF-9552FD38D3D8}"
EndProject
Project("{8BC9CEB8-8B4A-11D0-8D11-00A0C91BC942}") = "Random", "Random\Random.vcxproj", "{719522D4-33BA-4C1B-BC99-7C326F7333C7}"
EndProject
Project("{8BC9CEB8-8B4A-11D0-8D11-00A0C91BC942}") = "Unique", "Unique\Unique.vcxproj", "{AFC3AE66-854A-494B-ABBA-2A0C9597345E}"
EndProject
Project("{8BC9CEB8-8B4A-11D0-8D11-00A0C91BC942}") = "Search", "Search\Search.vcxproj", "{2989EAFF-5F20-485D-8912-D3A952FBAF2F}"
EndProject
Global
	GlobalSection(SolutionConfigurationPlatforms) = preSolution
		Debug|ARM64 = Debug|ARM64
		Debug|x64 = Debug|x64
		Debug|x86 = Debug|x86
		Release|ARM64 = Release|ARM64
		Release|x64 = Release|x64
		Release|x86 = Release|x86
	EndGlobalSection
	GlobalSection(ProjectConfigurationPlatforms) = postSolution
		{02302B05-17B9-44D5-85B6-C11E63F0117B}.Debug|ARM64.ActiveCfg = Debug|ARM64
		{02302B05-17B9-44D5-85B6-C11E63F0117B}.Debug|ARM64.Build.0 = Debug|ARM64
		{02302B05-17B9-44D5-85B6-C11E63F0117B}.Debug|x64.ActiveCfg = Debug|x64
		{02302B05-17B9-44D5-85B6-C11E63F0117B}.Debug|x64.Build.0 = Debug|x64
		{02302B05-17B9-44D5-85B6-C11E63F0117B}.Debug|x86.ActiveCfg = Debug|Win32
		{02302B05-17B9-44D5-85B6-C11E63F0117B}.Debug|x86.Build.0 = Debug|Win32
		{02302B05-17B9-44D5-85B6-C11E63F0117B}.Release|ARM64.ActiveCfg = Release|ARM64
		{02302B05-17B9-44D5-85B6-C11E63F0117B}.Release|ARM64.Build.0 = Release|ARM64
		{02302B05-17B9-44D5-85B6-C11E63F0117B}.Release|x64.ActiveCfg = Release|x64
		{02302B05-17B9-44D5-85B6-C11E63F0117B}.Release|x64.Build.0 = Release|x64
		{02302B05-17B9-44D5-85B6-C11E63F0117B}.Release|x86.ActiveCfg = Release|Win32
		{02302B05-17B9-44D5-85B6-C11E63F0117B}.Release|x86.Build.0 = Release|Win32
		{A784DA26-0DD1-4999-8507-5543810ACA50}.Debug|ARM64.ActiveCfg = Debug|ARM64
		{A784DA26-0DD1-4999-8507-5543810ACA50}.Debug|ARM64.Build.0 = Debug|ARM64
		{A784DA26-0DD1-4999-8507-5543810ACA50}.Debug|x64.ActiveCfg = Debug|x64
		{A784DA26-0DD1-4999-8507-5543810ACA50}.Debug|x64.Build.0 = Debug|x64
		{A784DA26-0DD1-4999-8507-5543810ACA50}.Debug|x86.ActiveCfg = Debug|Win32
		{A784DA26-0DD1-4999-8507-5543810ACA50}.Debug|x86.Build.0 = Debug|Win32
		{A784DA26-0DD1-4999-8507-5543810ACA50}.Release|ARM64.ActiveCfg = Release|ARM64
		{A784DA26-0DD1-4999-8507-5543810ACA50}.Release|ARM64.Build.0 = Release|ARM64
		{A784DA26-0DD1-4999-8507-5543810ACA50}.Release|x64.ActiveCfg = Release|x64
		{A784DA26-0DD1-4999-8507-5543810ACA50}.Release|x64.Build.0 = Release|x64
		{A784DA26-0DD1-4999-8507-5543810ACA50}.Release|x86.ActiveCfg = Release|Win32
		{A784DA26-0DD1-4999-8507-5543810ACA50}.Release|x86.Build.0 = Release|Win32
		{7B9E09CC-0F59-46BB-8468-8BF412182637}.Debug|ARM64.ActiveCfg = Debug|ARM64
		{7B9E09CC-0F59-46BB-8468-8BF412182637}.Debug|ARM64.Build.0 = Debug|ARM64
		{7B9E09CC-0F59-46BB-8468-8BF412182637}.Debug|x64.ActiveCfg = Debug|x64
		{7B9E09CC-0F59-46BB-8468-8BF412182637}.Debug|x64.Build.0 = Debug|x64
		{7B9E09CC-0F59-46BB-8468-8BF412182637}.Debug|x86.ActiveCfg = Debug|Win32
		{7B9E09CC-0F59-46BB-8468-8BF412182637}.Debug|x86.Build.0 = Debug|Win32
		{7B9E09CC-0F59-46BB-8468-8BF412182637}.Release|ARM64.ActiveCfg = Release|ARM64
		{7B9E09CC-0F59-46BB-8468-8BF412182637}.Release|ARM64.Build.0 = Release|ARM64
		{7B9E09CC-0F59-46BB-8468-8BF412182637}.Release|x64.ActiveCfg = Release|x64
		{7B9E09CC-0F59-46BB-8468-8BF412182637}.Release|x64.Build.0 = Release|x64
		{7B9E09CC-0F59-46BB-8468-8BF412182637}.Release|x86.ActiveCfg = Release|Win32
		{7B9E09CC-0F59-46BB-8468-8BF412182637}.Release|x86.Build.0 = Release|Win32
		{64F883CB-6514-4D54-ADFF-9552FD38D3D8}.Debug|ARM64.ActiveCfg = Debug|ARM64
		{64F883CB-6514-4D54-ADFF-9552FD38D3D8}.Debug|ARM64.Build.0 = Debug|ARM64
		{64F883CB-6514-4D54-ADFF-9552FD38D3D8}.Debug|x64.ActiveCfg = Debug|x64
		{64F883CB-6514-4D54-ADFF-9552FD38D3D8}.Debug|x64.Build.0 = Debug|x64
		{64F883CB-6514-4D54-ADFF-9552FD38D3D8}.Debug|x86.ActiveCfg = Debug|Win32
		{64F883CB-6514-4D54-ADFF-9552FD38D3D8}.Debug|x86.Build.0 = Debug|Win32
		{64F883CB-6514-4D54-ADFF-9552FD38D3D8}.Release|ARM64.ActiveCfg = Release|ARM64
		{64F883CB-6514-4D54-ADFF-9552FD38D3D8}.Release|ARM64.Build.0 = Release|ARM64
		{64F883CB-6514-4D54-ADFF-9552FD38D3D8}.Release|x64.ActiveCfg = Release|x64
		{64F883CB-6514-4D54-ADFF-9552FD38D3D8}.Release|x64.Build.0 = Release|x64
		{64F883CB-6514-4D54-ADFF-9552FD38D3D8}.Release|x86.ActiveCfg = Release|Win32
		{64F883CB-6514-4D54-ADFF-9552FD38D3D8}.Release|x86.Build.0 = Release|Win32
		{719522D4-33BA-4C1B-BC99-7C326F7333C7}.Debug|ARM64.ActiveCfg = Debug|ARM64
		{719522D4-33BA-4C1B-BC99-7C326F7333C7}.Debug|ARM64.Build.0 = Debug|ARM64
		{719522D4-33BA-4C1B-BC99-7C326F7333C7}.Debug|x64.ActiveCfg = Debug|x64
		{719522D4-33BA-4C1B-BC99-7C326F7333C7}.Debug|x64.Build.0 = Debug|x64
		{719522D4-33BA-4C1B-BC99-7C326F7333C7}.Debug|x86.ActiveCfg = Debug|Win32
		{719522D4-33BA-4C1B-BC99-7C326F7333C7}.Debug|x86.Build.0 = Debug|Win32
		{719522D4-33BA-4C1B-BC99-7C326F7333C7}.Release|ARM64.ActiveCfg = Release|ARM64
		{719522D4-33BA-4C1B-BC99-7C326F7333C7}.Release|ARM64.Build.0 = Release|ARM64
		{719522D4-33BA-4C1B-BC99-7C326F7333C7}.Release|x64.ActiveCfg = Release|x64
		{719522D4-33BA-4C1B-BC99-7C326F7333C7}.Release|x64.Build.0 = Release|x64
		{719522D4-33BA-4C1B-BC99-7C326F7333C7}.Release|x86.ActiveCfg = Release|Win32
		{719522D4-33BA-4C1B-BC99-7C326F7333C7}.Release|x86.Build.0 = Release|Win32
		{AFC3AE66-854A-494B-ABBA-2A0C9597345E}.Debug|ARM64.ActiveCfg = Debug|ARM64
		{AFC3AE66-854A-494B-ABBA-2A0C9597345E}.Debug|ARM64.Build.0 = Debug|ARM64
		{AFC3AE66-854A-494B-ABBA-2A0C9597345E}.Debug|x64.ActiveCfg = Debug|x64
		{AFC3AE66-854A-494B-ABBA-2A0C9597345E}.Debug|x64.Build.0 = Debug|x64
		{AFC3AE66-854A-494B-ABBA-2A0C9597345E}.Debug|x86.ActiveCfg = Debug|Win32
		{AFC3AE66-854A-494B-ABBA-2A0C9597345E}.Debug|x86.Build.0 = Debug|Win32
		{AFC3AE66-854A-494B-ABBA-2A0C9597345E}.Release|ARM64.ActiveCfg = Release|ARM64
		{AFC3AE66-854A-494B-ABBA-2A0C9597345E}.Release|ARM64.Build.0 = Release|ARM64
		{AFC3AE66-854A-494B-ABBA-2A0C9597345E}.Release|x64.ActiveCfg = Release|x64
		{AFC3AE66-854A-494B-ABBA-2A0C9597345E}.Release|x64.Build.0 = Release|x64
		{AFC3AE66-854A-494B-ABBA-2A0C9597345E}.Release|x86.ActiveCfg = Release|Win32
		{AFC3AE66-854A-494B-ABBA-2A0C9597345E}.Release|x86.Build.0 = Release|Win32
		{2989EAFF-5F20-485D-8912-D3A952FBAF2F}.Debug|ARM64.ActiveCfg = Debug|ARM64
		{2989EAFF-5F20-485D-8912-D3A952FBAF2F}.Debug|ARM64.Build.0 = Debug|ARM64
		{2989EAFF-5F20-485D-8912-D3A952FBAF2F}.Debug|x64.ActiveCfg = Debug|x64
		{2989EAFF-5F20-485D-8912-D3A952FBAF2F}.Debug|x64.Build.0 = Debug|x64
		{2989EAFF-5F20-485D-8912-D3A952FBAF2F}.Debug|x86.ActiveCfg = Debug|Win32
		{2989EAFF-5F20-485D-8912-D3A952FBAF2F}.Debug|x86.Build.0 = Debug|Win32
		{2989EAFF-5F20-485D-8912-D3A952FBAF2F}.Release|ARM64.ActiveCfg = Release|ARM64
		{2989EAFF-5F20-485D-8912-D3A952FBAF2F}.Release|ARM64.Build.0 = Release|ARM64
		{2989EAFF-5F20-485D-8912-D3A952FBAF2F}.Release|x64.ActiveCfg = Release|x64
		{2989EAFF-5F20-485D-8912-D3A952FBAF2F}.Release|x64.Build.0 = Release|x64
		{2989EAFF-5F20-485D-8912-D3A952FBAF2F}.Release|x86.ActiveCfg = Release|Win32
		{2989EAFF-5F20-485D-8912-D3A952FBAF2F}.Release|x86.Build.0 = Release|Win32
	EndGlobalSection
	GlobalSection(SolutionProperties) = preSolution
		HideSolutionNode = FALSE
	EndGlobalSection
	GlobalSection(ExtensibilityGlobals) = postSolution
		SolutionGuid = {B1569E06-85C4-4A9B-8162-377E6172C3E7}
	EndGlobalSection
EndGlobal
